
Microsoft Visual Studio Solution File, Format Version 12.00
# Visual Studio Version 17
VisualStudioVersion = 17.13.35825.156 d17.13
MinimumVisualStudioVersion = 10.0.40219.1
Project("{FAE04EC0-301F-11D3-BF4B-00C04F79EFBC}") = "QRAdmit_Api", "QRAdmit_Api\QRAdmit_Api.csproj", "{B9A1BE9E-E27F-4100-8117-6924A4564197}"
EndProject
Project("{FAE04EC0-301F-11D3-BF4B-00C04F79EFBC}") = "QRAdmit_Domain", "QRAdmit_Domain\QRAdmit_Domain.csproj", "{C6F57223-D38F-4163-8445-36C56B7BF620}"
EndProject
Project("{FAE04EC0-301F-11D3-BF4B-00C04F79EFBC}") = "QRAdmit_Infrastructure", "QRAdmit_Infrastructure\QRAdmit_Infrastructure.csproj", "{23F74342-7C8E-4383-806F-6BBDC1CC80D9}"
EndProject
Project("{FAE04EC0-301F-11D3-BF4B-00C04F79EFBC}") = "QRAdmit_Service", "QRAdmit_Service\QRAdmit_Service.csproj", "{2CC67E83-86BD-47EB-A68A-AF49B3D13401}"
EndProject
Project("{FAE04EC0-301F-11D3-BF4B-00C04F79EFBC}") = "QRAdmit_Shared", "QRAdmit_Shared\QRAdmit_Shared.csproj", "{274713E7-2173-4D56-8750-37B48317FB62}"
EndProject
Global
	GlobalSection(SolutionConfigurationPlatforms) = preSolution
		Debug|Any CPU = Debug|Any CPU
		Release|Any CPU = Release|Any CPU
	EndGlobalSection
	GlobalSection(ProjectConfigurationPlatforms) = postSolution
		{B9A1BE9E-E27F-4100-8117-6924A4564197}.Debug|Any CPU.ActiveCfg = Debug|Any CPU
		{B9A1BE9E-E27F-4100-8117-6924A4564197}.Debug|Any CPU.Build.0 = Debug|Any CPU
		{B9A1BE9E-E27F-4100-8117-6924A4564197}.Release|Any CPU.ActiveCfg = Release|Any CPU
		{B9A1BE9E-E27F-4100-8117-6924A4564197}.Release|Any CPU.Build.0 = Release|Any CPU
		{C6F57223-D38F-4163-8445-36C56B7BF620}.Debug|Any CPU.ActiveCfg = Debug|Any CPU
		{C6F57223-D38F-4163-8445-36C56B7BF620}.Debug|Any CPU.Build.0 = Debug|Any CPU
		{C6F57223-D38F-4163-8445-36C56B7BF620}.Release|Any CPU.ActiveCfg = Release|Any CPU
		{C6F57223-D38F-4163-8445-36C56B7BF620}.Release|Any CPU.Build.0 = Release|Any CPU
		{23F74342-7C8E-4383-806F-6BBDC1CC80D9}.Debug|Any CPU.ActiveCfg = Debug|Any CPU
		{23F74342-7C8E-4383-806F-6BBDC1CC80D9}.Debug|Any CPU.Build.0 = Debug|Any CPU
		{23F74342-7C8E-4383-806F-6BBDC1CC80D9}.Release|Any CPU.ActiveCfg = Release|Any CPU
		{23F74342-7C8E-4383-806F-6BBDC1CC80D9}.Release|Any CPU.Build.0 = Release|Any CPU
		{2CC67E83-86BD-47EB-A68A-AF49B3D13401}.Debug|Any CPU.ActiveCfg = Debug|Any CPU
		{2CC67E83-86BD-47EB-A68A-AF49B3D13401}.Debug|Any CPU.Build.0 = Debug|Any CPU
		{2CC67E83-86BD-47EB-A68A-AF49B3D13401}.Release|Any CPU.ActiveCfg = Release|Any CPU
		{2CC67E83-86BD-47EB-A68A-AF49B3D13401}.Release|Any CPU.Build.0 = Release|Any CPU
		{274713E7-2173-4D56-8750-37B48317FB62}.Debug|Any CPU.ActiveCfg = Debug|Any CPU
		{274713E7-2173-4D56-8750-37B48317FB62}.Debug|Any CPU.Build.0 = Debug|Any CPU
		{274713E7-2173-4D56-8750-37B48317FB62}.Release|Any CPU.ActiveCfg = Release|Any CPU
		{274713E7-2173-4D56-8750-37B48317FB62}.Release|Any CPU.Build.0 = Release|Any CPU
	EndGlobalSection
	GlobalSection(SolutionProperties) = preSolution
		HideSolutionNode = FALSE
	EndGlobalSection
	GlobalSection(ExtensibilityGlobals) = postSolution
		SolutionGuid = {695E6D52-0B08-4FC0-9CFF-427CA3517BD4}
	EndGlobalSection
EndGlobal
